# THIS IS AN AUTOGENERATED FILE. DO NOT EDIT THIS FILE DIRECTLY.
# yarn lockfile v1


flatted@^3.1.1:
  version "3.1.1"
  resolved "https://registry.yarnpkg.com/flatted/-/flatted-3.1.1.tgz#c4b489e80096d9df1dfc97c79871aea7c617c469"
  integrity sha512-zAoAQiudy+r5SvnSw3KJy5os/oRJYHzrzja/tBDqrZtNhUw8bt6y8OBzMWcjWr+8liV8Eb6yOhw8WZ7VFZ5ZzA==
